
Microsoft Visual Studio Solution File, Format Version 12.00
# Visual Studio 14
VisualStudioVersion = 14.0.23107.0
MinimumVisualStudioVersion = 10.0.40219.1
Project("{FAE04EC0-301F-11D3-BF4B-00C04F79EFBC}") = "UseNEsper2", "UseNEsper2\UseNEsper2.csproj", "{DEFC8ECD-BB0B-42DD-9F60-F01A1AFE1E5D}"
EndProject
Global
	GlobalSection(SolutionConfigurationPlatforms) = preSolution
		Debug|Any CPU = Debug|Any CPU
		Release|Any CPU = Release|Any CPU
	EndGlobalSection
	GlobalSection(ProjectConfigurationPlatforms) = postSolution
		{DEFC8ECD-BB0B-42DD-9F60-F01A1AFE1E5D}.Debug|Any CPU.ActiveCfg = Debug|Any CPU
		{DEFC8ECD-BB0B-42DD-9F60-F01A1AFE1E5D}.Debug|Any CPU.Build.0 = Debug|Any CPU
		{DEFC8ECD-BB0B-42DD-9F60-F01A1AFE1E5D}.Release|Any CPU.ActiveCfg = Release|Any CPU
		{DEFC8ECD-BB0B-42DD-9F60-F01A1AFE1E5D}.Release|Any CPU.Build.0 = Release|Any CPU
	EndGlobalSection
	GlobalSection(SolutionProperties) = preSolution
		HideSolutionNode = FALSE
	EndGlobalSection
EndGlobal
